// !$*UTF8*$!
{
	archiveVersion = 1;
	classes = {
	};
	objectVersion = 46;
	objects = {

/* Begin PBXBuildFile section */
		07174A6F1D9E5B31000BE6D7 /* ListCell.m in Sources */ = {isa = PBXBuildFile; fileRef = 07174A6D1D9E5B31000BE6D7 /* ListCell.m */; };
		07174A701D9E5B31000BE6D7 /* ListCell.xib in Resources */ = {isa = PBXBuildFile; fileRef = 07174A6E1D9E5B31000BE6D7 /* ListCell.xib */; };
		07174A731D9E6260000BE6D7 /* MainController.m in Sources */ = {isa = PBXBuildFile; fileRef = 07174A721D9E6260000BE6D7 /* MainController.m */; };
		07174A9C1D9E6526000BE6D7 /* LvVideoPlayer.xcassets in Resources */ = {isa = PBXBuildFile; fileRef = 07174A771D9E6526000BE6D7 /* LvVideoPlayer.xcassets */; };
		07174A9D1D9E6526000BE6D7 /* DurationFormat.m in Sources */ = {isa = PBXBuildFile; fileRef = 07174A7A1D9E6526000BE6D7 /* DurationFormat.m */; };
		07174A9E1D9E6526000BE6D7 /* VideoPlayer.strings in Resources */ = {isa = PBXBuildFile; fileRef = 07174A7C1D9E6526000BE6D7 /* VideoPlayer.strings */; };
		07174A9F1D9E6526000BE6D7 /* LvDirectionPanControl.m in Sources */ = {isa = PBXBuildFile; fileRef = 07174A821D9E6526000BE6D7 /* LvDirectionPanControl.m */; };
		07174AA01D9E6526000BE6D7 /* VPCommonIndicator.m in Sources */ = {isa = PBXBuildFile; fileRef = 07174A841D9E6526000BE6D7 /* VPCommonIndicator.m */; };
		07174AA11D9E6526000BE6D7 /* VPFastSeekIndicator.m in Sources */ = {isa = PBXBuildFile; fileRef = 07174A861D9E6526000BE6D7 /* VPFastSeekIndicator.m */; };
		07174AA21D9E6526000BE6D7 /* VPNavigationBar.m in Sources */ = {isa = PBXBuildFile; fileRef = 07174A881D9E6526000BE6D7 /* VPNavigationBar.m */; };
		07174AA31D9E6526000BE6D7 /* VPNavigationBar.xib in Resources */ = {isa = PBXBuildFile; fileRef = 07174A891D9E6526000BE6D7 /* VPNavigationBar.xib */; };
		07174AA41D9E6526000BE6D7 /* VPPlayControlView.m in Sources */ = {isa = PBXBuildFile; fileRef = 07174A8B1D9E6526000BE6D7 /* VPPlayControlView.m */; };
		07174AA51D9E6526000BE6D7 /* VPPlayControlView.xib in Resources */ = {isa = PBXBuildFile; fileRef = 07174A8C1D9E6526000BE6D7 /* VPPlayControlView.xib */; };
		07174AA61D9E6526000BE6D7 /* VPSettingPanelView.m in Sources */ = {isa = PBXBuildFile; fileRef = 07174A8E1D9E6526000BE6D7 /* VPSettingPanelView.m */; };
		07174AA71D9E6526000BE6D7 /* VPSettingPanelView.xib in Resources */ = {isa = PBXBuildFile; fileRef = 07174A8F1D9E6526000BE6D7 /* VPSettingPanelView.xib */; };
		07174AA81D9E6526000BE6D7 /* VPVideoDefinitionMenuView.m in Sources */ = {isa = PBXBuildFile; fileRef = 07174A911D9E6526000BE6D7 /* VPVideoDefinitionMenuView.m */; };
		07174AA91D9E6526000BE6D7 /* AVPlayerVPVC.m in Sources */ = {isa = PBXBuildFile; fileRef = 07174A941D9E6526000BE6D7 /* AVPlayerVPVC.m */; };
		07174AAA1D9E6526000BE6D7 /* BaseVPVC.m in Sources */ = {isa = PBXBuildFile; fileRef = 07174A961D9E6526000BE6D7 /* BaseVPVC.m */; };
		07174AAB1D9E6526000BE6D7 /* VitamioVPVC.m in Sources */ = {isa = PBXBuildFile; fileRef = 07174A9A1D9E6526000BE6D7 /* VitamioVPVC.m */; };
		22390042C3D4A8A9B0A9D1EB /* libPods-iOSPlayerExample.a in Frameworks */ = {isa = PBXBuildFile; fileRef = 56664DF8158BAC33B39119D0 /* libPods-iOSPlayerExample.a */; };
		869350B41C9FDEFC00F34044 /* AppDelegate.m in Sources */ = {isa = PBXBuildFile; fileRef = 869350AA1C9FDEFC00F34044 /* AppDelegate.m */; };
		869350B51C9FDEFC00F34044 /* Assets.xcassets in Resources */ = {isa = PBXBuildFile; fileRef = 869350AB1C9FDEFC00F34044 /* Assets.xcassets */; };
		869350B61C9FDEFC00F34044 /* LaunchScreen.storyboard in Resources */ = {isa = PBXBuildFile; fileRef = 869350AC1C9FDEFC00F34044 /* LaunchScreen.storyboard */; };
		869350B71C9FDEFC00F34044 /* Main.storyboard in Resources */ = {isa = PBXBuildFile; fileRef = 869350AE1C9FDEFC00F34044 /* Main.storyboard */; };
		869350B91C9FDEFC00F34044 /* main.m in Sources */ = {isa = PBXBuildFile; fileRef = 869350B11C9FDEFC00F34044 /* main.m */; };
/* End PBXBuildFile section */

/* Begin PBXFileReference section */
		07174A6C1D9E5B31000BE6D7 /* ListCell.h */ = {isa = PBXFileReference; fileEncoding = 4; lastKnownFileType = sourcecode.c.h; path = ListCell.h; sourceTree = "<group>"; };
		07174A6D1D9E5B31000BE6D7 /* ListCell.m */ = {isa = PBXFileReference; fileEncoding = 4; lastKnownFileType = sourcecode.c.objc; path = ListCell.m; sourceTree = "<group>"; };
		07174A6E1D9E5B31000BE6D7 /* ListCell.xib */ = {isa = PBXFileReference; fileEncoding = 4; lastKnownFileType = file.xib; path = ListCell.xib; sourceTree = "<group>"; };
		07174A711D9E6260000BE6D7 /* MainController.h */ = {isa = PBXFileReference; fileEncoding = 4; lastKnownFileType = sourcecode.c.h; path = MainController.h; sourceTree = "<group>"; };
		07174A721D9E6260000BE6D7 /* MainController.m */ = {isa = PBXFileReference; fileEncoding = 4; lastKnownFileType = sourcecode.c.objc; path = MainController.m; sourceTree = "<group>"; };
		07174A771D9E6526000BE6D7 /* LvVideoPlayer.xcassets */ = {isa = PBXFileReference; lastKnownFileType = folder.assetcatalog; path = LvVideoPlayer.xcassets; sourceTree = "<group>"; };
		07174A791D9E6526000BE6D7 /* DurationFormat.h */ = {isa = PBXFileReference; fileEncoding = 4; lastKnownFileType = sourcecode.c.h; path = DurationFormat.h; sourceTree = "<group>"; };
		07174A7A1D9E6526000BE6D7 /* DurationFormat.m */ = {isa = PBXFileReference; fileEncoding = 4; lastKnownFileType = sourcecode.c.objc; path = DurationFormat.m; sourceTree = "<group>"; };
		07174A7D1D9E6526000BE6D7 /* Base */ = {isa = PBXFileReference; lastKnownFileType = text.plist.strings; name = Base; path = Base.lproj/VideoPlayer.strings; sourceTree = "<group>"; };
		07174A7E1D9E6526000BE6D7 /* zh-Hans */ = {isa = PBXFileReference; lastKnownFileType = text.plist.strings; name = "zh-Hans"; path = "zh-Hans.lproj/VideoPlayer.strings"; sourceTree = "<group>"; };
		07174A7F1D9E6526000BE6D7 /* VideoPlayerConstants.h */ = {isa = PBXFileReference; fileEncoding = 4; lastKnownFileType = sourcecode.c.h; path = VideoPlayerConstants.h; sourceTree = "<group>"; };
		07174A811D9E6526000BE6D7 /* LvDirectionPanControl.h */ = {isa = PBXFileReference; fileEncoding = 4; lastKnownFileType = sourcecode.c.h; path = LvDirectionPanControl.h; sourceTree = "<group>"; };
		07174A821D9E6526000BE6D7 /* LvDirectionPanControl.m */ = {isa = PBXFileReference; fileEncoding = 4; lastKnownFileType = sourcecode.c.objc; path = LvDirectionPanControl.m; sourceTree = "<group>"; };
		07174A831D9E6526000BE6D7 /* VPCommonIndicator.h */ = {isa = PBXFileReference; fileEncoding = 4; lastKnownFileType = sourcecode.c.h; path = VPCommonIndicator.h; sourceTree = "<group>"; };
		07174A841D9E6526000BE6D7 /* VPCommonIndicator.m */ = {isa = PBXFileReference; fileEncoding = 4; lastKnownFileType = sourcecode.c.objc; path = VPCommonIndicator.m; sourceTree = "<group>"; };
		07174A851D9E6526000BE6D7 /* VPFastSeekIndicator.h */ = {isa = PBXFileReference; fileEncoding = 4; lastKnownFileType = sourcecode.c.h; path = VPFastSeekIndicator.h; sourceTree = "<group>"; };
		07174A861D9E6526000BE6D7 /* VPFastSeekIndicator.m */ = {isa = PBXFileReference; fileEncoding = 4; lastKnownFileType = sourcecode.c.objc; path = VPFastSeekIndicator.m; sourceTree = "<group>"; };
		07174A871D9E6526000BE6D7 /* VPNavigationBar.h */ = {isa = PBXFileReference; fileEncoding = 4; lastKnownFileType = sourcecode.c.h; path = VPNavigationBar.h; sourceTree = "<group>"; };
		07174A881D9E6526000BE6D7 /* VPNavigationBar.m */ = {isa = PBXFileReference; fileEncoding = 4; lastKnownFileType = sourcecode.c.objc; path = VPNavigationBar.m; sourceTree = "<group>"; };
		07174A891D9E6526000BE6D7 /* VPNavigationBar.xib */ = {isa = PBXFileReference; fileEncoding = 4; lastKnownFileType = file.xib; path = VPNavigationBar.xib; sourceTree = "<group>"; };
		07174A8A1D9E6526000BE6D7 /* VPPlayControlView.h */ = {isa = PBXFileReference; fileEncoding = 4; lastKnownFileType = sourcecode.c.h; path = VPPlayControlView.h; sourceTree = "<group>"; };
		07174A8B1D9E6526000BE6D7 /* VPPlayControlView.m */ = {isa = PBXFileReference; fileEncoding = 4; lastKnownFileType = sourcecode.c.objc; path = VPPlayControlView.m; sourceTree = "<group>"; };
		07174A8C1D9E6526000BE6D7 /* VPPlayControlView.xib */ = {isa = PBXFileReference; fileEncoding = 4; lastKnownFileType = file.xib; path = VPPlayControlView.xib; sourceTree = "<group>"; };
		07174A8D1D9E6526000BE6D7 /* VPSettingPanelView.h */ = {isa = PBXFileReference; fileEncoding = 4; lastKnownFileType = sourcecode.c.h; path = VPSettingPanelView.h; sourceTree = "<group>"; };
		07174A8E1D9E6526000BE6D7 /* VPSettingPanelView.m */ = {isa = PBXFileReference; fileEncoding = 4; lastKnownFileType = sourcecode.c.objc; path = VPSettingPanelView.m; sourceTree = "<group>"; };
		07174A8F1D9E6526000BE6D7 /* VPSettingPanelView.xib */ = {isa = PBXFileReference; fileEncoding = 4; lastKnownFileType = file.xib; path = VPSettingPanelView.xib; sourceTree = "<group>"; };
		07174A901D9E6526000BE6D7 /* VPVideoDefinitionMenuView.h */ = {isa = PBXFileReference; fileEncoding = 4; lastKnownFileType = sourcecode.c.h; path = VPVideoDefinitionMenuView.h; sourceTree = "<group>"; };
		07174A911D9E6526000BE6D7 /* VPVideoDefinitionMenuView.m */ = {isa = PBXFileReference; fileEncoding = 4; lastKnownFileType = sourcecode.c.objc; path = VPVideoDefinitionMenuView.m; sourceTree = "<group>"; };
		07174A931D9E6526000BE6D7 /* AVPlayerVPVC.h */ = {isa = PBXFileReference; fileEncoding = 4; lastKnownFileType = sourcecode.c.h; path = AVPlayerVPVC.h; sourceTree = "<group>"; };
		07174A941D9E6526000BE6D7 /* AVPlayerVPVC.m */ = {isa = PBXFileReference; fileEncoding = 4; lastKnownFileType = sourcecode.c.objc; path = AVPlayerVPVC.m; sourceTree = "<group>"; };
		07174A951D9E6526000BE6D7 /* BaseVPVC.h */ = {isa = PBXFileReference; fileEncoding = 4; lastKnownFileType = sourcecode.c.h; path = BaseVPVC.h; sourceTree = "<group>"; };
		07174A961D9E6526000BE6D7 /* BaseVPVC.m */ = {isa = PBXFileReference; fileEncoding = 4; lastKnownFileType = sourcecode.c.objc; path = BaseVPVC.m; sourceTree = "<group>"; };
		07174A991D9E6526000BE6D7 /* VitamioVPVC.h */ = {isa = PBXFileReference; fileEncoding = 4; lastKnownFileType = sourcecode.c.h; path = VitamioVPVC.h; sourceTree = "<group>"; };
		07174A9A1D9E6526000BE6D7 /* VitamioVPVC.m */ = {isa = PBXFileReference; fileEncoding = 4; lastKnownFileType = sourcecode.c.objc; path = VitamioVPVC.m; sourceTree = "<group>"; };
		41CAFD816AE8B68FB7C6E2EC /* Pods-iOSPlayerExample.release.xcconfig */ = {isa = PBXFileReference; includeInIndex = 1; lastKnownFileType = text.xcconfig; name = "Pods-iOSPlayerExample.release.xcconfig"; path = "Pods/Target Support Files/Pods-iOSPlayerExample/Pods-iOSPlayerExample.release.xcconfig"; sourceTree = "<group>"; };
		52CEC6CAF25A634F034143DC /* Pods.debug.xcconfig */ = {isa = PBXFileReference; includeInIndex = 1; lastKnownFileType = text.xcconfig; name = Pods.debug.xcconfig; path = "Pods/Target Support Files/Pods/Pods.debug.xcconfig"; sourceTree = "<group>"; };
		56664DF8158BAC33B39119D0 /* libPods-iOSPlayerExample.a */ = {isa = PBXFileReference; explicitFileType = archive.ar; includeInIndex = 0; path = "libPods-iOSPlayerExample.a"; sourceTree = BUILT_PRODUCTS_DIR; };
		86934F081C9FD28D00F34044 /* iOSPlayerExample.app */ = {isa = PBXFileReference; explicitFileType = wrapper.application; includeInIndex = 0; path = iOSPlayerExample.app; sourceTree = BUILT_PRODUCTS_DIR; };
		86934F761C9FD9B500F34044 /* AVFoundation.framework */ = {isa = PBXFileReference; lastKnownFileType = wrapper.framework; name = AVFoundation.framework; path = System/Library/Frameworks/AVFoundation.framework; sourceTree = SDKROOT; };
		86934F781C9FD9BA00F34044 /* AudioToolbox.framework */ = {isa = PBXFileReference; lastKnownFileType = wrapper.framework; name = AudioToolbox.framework; path = System/Library/Frameworks/AudioToolbox.framework; sourceTree = SDKROOT; };
		86934F7A1C9FD9BF00F34044 /* CoreGraphics.framework */ = {isa = PBXFileReference; lastKnownFileType = wrapper.framework; name = CoreGraphics.framework; path = System/Library/Frameworks/CoreGraphics.framework; sourceTree = SDKROOT; };
		86934F7C1C9FDA0F00F34044 /* CoreMedia.framework */ = {isa = PBXFileReference; lastKnownFileType = wrapper.framework; name = CoreMedia.framework; path = System/Library/Frameworks/CoreMedia.framework; sourceTree = SDKROOT; };
		86934F7E1C9FDA1600F34044 /* CoreVideo.framework */ = {isa = PBXFileReference; lastKnownFileType = wrapper.framework; name = CoreVideo.framework; path = System/Library/Frameworks/CoreVideo.framework; sourceTree = SDKROOT; };
		86934F801C9FDA1D00F34044 /* Foundation.framework */ = {isa = PBXFileReference; lastKnownFileType = wrapper.framework; name = Foundation.framework; path = System/Library/Frameworks/Foundation.framework; sourceTree = SDKROOT; };
		86934F821C9FDA2400F34044 /* MediaPlayer.framework */ = {isa = PBXFileReference; lastKnownFileType = wrapper.framework; name = MediaPlayer.framework; path = System/Library/Frameworks/MediaPlayer.framework; sourceTree = SDKROOT; };
		86934F841C9FDA2B00F34044 /* OpenGLES.framework */ = {isa = PBXFileReference; lastKnownFileType = wrapper.framework; name = OpenGLES.framework; path = System/Library/Frameworks/OpenGLES.framework; sourceTree = SDKROOT; };
		86934F861C9FDA3A00F34044 /* QuartzCore.framework */ = {isa = PBXFileReference; lastKnownFileType = wrapper.framework; name = QuartzCore.framework; path = System/Library/Frameworks/QuartzCore.framework; sourceTree = SDKROOT; };
		86934F881C9FDA4400F34044 /* UIKit.framework */ = {isa = PBXFileReference; lastKnownFileType = wrapper.framework; name = UIKit.framework; path = System/Library/Frameworks/UIKit.framework; sourceTree = SDKROOT; };
		86934F8A1C9FDA6000F34044 /* libbz2.tbd */ = {isa = PBXFileReference; lastKnownFileType = "sourcecode.text-based-dylib-definition"; name = libbz2.tbd; path = usr/lib/libbz2.tbd; sourceTree = SDKROOT; };
		86934F8C1C9FDA6C00F34044 /* libz.tbd */ = {isa = PBXFileReference; lastKnownFileType = "sourcecode.text-based-dylib-definition"; name = libz.tbd; path = usr/lib/libz.tbd; sourceTree = SDKROOT; };
		86934F8E1C9FDA7B00F34044 /* libstdc++.tbd */ = {isa = PBXFileReference; lastKnownFileType = "sourcecode.text-based-dylib-definition"; name = "libstdc++.tbd"; path = "usr/lib/libstdc++.tbd"; sourceTree = SDKROOT; };
		86934F901C9FDA8F00F34044 /* libiconv.tbd */ = {isa = PBXFileReference; lastKnownFileType = "sourcecode.text-based-dylib-definition"; name = libiconv.tbd; path = usr/lib/libiconv.tbd; sourceTree = SDKROOT; };
		869350A91C9FDEFC00F34044 /* AppDelegate.h */ = {isa = PBXFileReference; fileEncoding = 4; lastKnownFileType = sourcecode.c.h; path = AppDelegate.h; sourceTree = "<group>"; };
		869350AA1C9FDEFC00F34044 /* AppDelegate.m */ = {isa = PBXFileReference; fileEncoding = 4; lastKnownFileType = sourcecode.c.objc; path = AppDelegate.m; sourceTree = "<group>"; };
		869350AB1C9FDEFC00F34044 /* Assets.xcassets */ = {isa = PBXFileReference; lastKnownFileType = folder.assetcatalog; path = Assets.xcassets; sourceTree = "<group>"; };
		869350AD1C9FDEFC00F34044 /* Base */ = {isa = PBXFileReference; lastKnownFileType = file.storyboard; name = Base; path = Base.lproj/LaunchScreen.storyboard; sourceTree = "<group>"; };
		869350AF1C9FDEFC00F34044 /* Base */ = {isa = PBXFileReference; lastKnownFileType = file.storyboard; name = Base; path = Base.lproj/Main.storyboard; sourceTree = "<group>"; };
		869350B01C9FDEFC00F34044 /* Info.plist */ = {isa = PBXFileReference; fileEncoding = 4; lastKnownFileType = text.plist.xml; path = Info.plist; sourceTree = "<group>"; };
		869350B11C9FDEFC00F34044 /* main.m */ = {isa = PBXFileReference; fileEncoding = 4; lastKnownFileType = sourcecode.c.objc; path = main.m; sourceTree = "<group>"; };
		F26103DC4561E430A9E467DE /* Pods.release.xcconfig */ = {isa = PBXFileReference; includeInIndex = 1; lastKnownFileType = text.xcconfig; name = Pods.release.xcconfig; path = "Pods/Target Support Files/Pods/Pods.release.xcconfig"; sourceTree = "<group>"; };
		FAE23BB02DBC95F0354EFB08 /* Pods-iOSPlayerExample.debug.xcconfig */ = {isa = PBXFileReference; includeInIndex = 1; lastKnownFileType = text.xcconfig; name = "Pods-iOSPlayerExample.debug.xcconfig"; path = "Pods/Target Support Files/Pods-iOSPlayerExample/Pods-iOSPlayerExample.debug.xcconfig"; sourceTree = "<group>"; };
		FB113EB7BFC87F81923939E4 /* libPods.a */ = {isa = PBXFileReference; explicitFileType = archive.ar; includeInIndex = 0; path = libPods.a; sourceTree = BUILT_PRODUCTS_DIR; };
/* End PBXFileReference section */

/* Begin PBXFrameworksBuildPhase section */
		86934F051C9FD28D00F34044 /* Frameworks */ = {
			isa = PBXFrameworksBuildPhase;
			buildActionMask = 2147483647;
			files = (
				22390042C3D4A8A9B0A9D1EB /* libPods-iOSPlayerExample.a in Frameworks */,
			);
			runOnlyForDeploymentPostprocessing = 0;
		};
/* End PBXFrameworksBuildPhase section */

/* Begin PBXGroup section */
		07174A741D9E6526000BE6D7 /* LviOSVideoPlayer */ = {
			isa = PBXGroup;
			children = (
				07174A751D9E6526000BE6D7 /* Assets */,
				07174A781D9E6526000BE6D7 /* Helper */,
				07174A7B1D9E6526000BE6D7 /* Localized */,
				07174A7F1D9E6526000BE6D7 /* VideoPlayerConstants.h */,
				07174A801D9E6526000BE6D7 /* View */,
				07174A921D9E6526000BE6D7 /* ViewController */,
				07174A971D9E6526000BE6D7 /* VitamiVideoPlayer */,
			);
			name = LviOSVideoPlayer;
			path = ../LviOSVideoPlayer;
			sourceTree = "<group>";
		};
		07174A751D9E6526000BE6D7 /* Assets */ = {
			isa = PBXGroup;
			children = (
				07174A771D9E6526000BE6D7 /* LvVideoPlayer.xcassets */,
			);
			path = Assets;
			sourceTree = "<group>";
		};
		07174A781D9E6526000BE6D7 /* Helper */ = {
			isa = PBXGroup;
			children = (
				07174A791D9E6526000BE6D7 /* DurationFormat.h */,
				07174A7A1D9E6526000BE6D7 /* DurationFormat.m */,
			);
			path = Helper;
			sourceTree = "<group>";
		};
		07174A7B1D9E6526000BE6D7 /* Localized */ = {
			isa = PBXGroup;
			children = (
				07174A7C1D9E6526000BE6D7 /* VideoPlayer.strings */,
			);
			path = Localized;
			sourceTree = "<group>";
		};
		07174A801D9E6526000BE6D7 /* View */ = {
			isa = PBXGroup;
			children = (
				07174A811D9E6526000BE6D7 /* LvDirectionPanControl.h */,
				07174A821D9E6526000BE6D7 /* LvDirectionPanControl.m */,
				07174A831D9E6526000BE6D7 /* VPCommonIndicator.h */,
				07174A841D9E6526000BE6D7 /* VPCommonIndicator.m */,
				07174A851D9E6526000BE6D7 /* VPFastSeekIndicator.h */,
				07174A861D9E6526000BE6D7 /* VPFastSeekIndicator.m */,
				07174A871D9E6526000BE6D7 /* VPNavigationBar.h */,
				07174A881D9E6526000BE6D7 /* VPNavigationBar.m */,
				07174A891D9E6526000BE6D7 /* VPNavigationBar.xib */,
				07174A8A1D9E6526000BE6D7 /* VPPlayControlView.h */,
				07174A8B1D9E6526000BE6D7 /* VPPlayControlView.m */,
				07174A8C1D9E6526000BE6D7 /* VPPlayControlView.xib */,
				07174A8D1D9E6526000BE6D7 /* VPSettingPanelView.h */,
				07174A8E1D9E6526000BE6D7 /* VPSettingPanelView.m */,
				07174A8F1D9E6526000BE6D7 /* VPSettingPanelView.xib */,
				07174A901D9E6526000BE6D7 /* VPVideoDefinitionMenuView.h */,
				07174A911D9E6526000BE6D7 /* VPVideoDefinitionMenuView.m */,
			);
			path = View;
			sourceTree = "<group>";
		};
		07174A921D9E6526000BE6D7 /* ViewController */ = {
			isa = PBXGroup;
			children = (
				07174A931D9E6526000BE6D7 /* AVPlayerVPVC.h */,
				07174A941D9E6526000BE6D7 /* AVPlayerVPVC.m */,
				07174A951D9E6526000BE6D7 /* BaseVPVC.h */,
				07174A961D9E6526000BE6D7 /* BaseVPVC.m */,
			);
			path = ViewController;
			sourceTree = "<group>";
		};
		07174A971D9E6526000BE6D7 /* VitamiVideoPlayer */ = {
			isa = PBXGroup;
			children = (
				07174A981D9E6526000BE6D7 /* ViewController */,
			);
			path = VitamiVideoPlayer;
			sourceTree = "<group>";
		};
		07174A981D9E6526000BE6D7 /* ViewController */ = {
			isa = PBXGroup;
			children = (
				07174A991D9E6526000BE6D7 /* VitamioVPVC.h */,
				07174A9A1D9E6526000BE6D7 /* VitamioVPVC.m */,
			);
			path = ViewController;
			sourceTree = "<group>";
		};
		212DBE1FE0F44BDC7C2650AB /* Frameworks */ = {
			isa = PBXGroup;
			children = (
				86934F901C9FDA8F00F34044 /* libiconv.tbd */,
				86934F8E1C9FDA7B00F34044 /* libstdc++.tbd */,
				86934F8C1C9FDA6C00F34044 /* libz.tbd */,
				86934F8A1C9FDA6000F34044 /* libbz2.tbd */,
				86934F881C9FDA4400F34044 /* UIKit.framework */,
				86934F861C9FDA3A00F34044 /* QuartzCore.framework */,
				86934F841C9FDA2B00F34044 /* OpenGLES.framework */,
				86934F821C9FDA2400F34044 /* MediaPlayer.framework */,
				86934F801C9FDA1D00F34044 /* Foundation.framework */,
				86934F7E1C9FDA1600F34044 /* CoreVideo.framework */,
				86934F7C1C9FDA0F00F34044 /* CoreMedia.framework */,
				86934F7A1C9FD9BF00F34044 /* CoreGraphics.framework */,
				86934F781C9FD9BA00F34044 /* AudioToolbox.framework */,
				86934F761C9FD9B500F34044 /* AVFoundation.framework */,
				FB113EB7BFC87F81923939E4 /* libPods.a */,
				56664DF8158BAC33B39119D0 /* libPods-iOSPlayerExample.a */,
			);
			name = Frameworks;
			sourceTree = "<group>";
		};
		4F1097F2616718ADE22B5968 /* Pods */ = {
			isa = PBXGroup;
			children = (
				52CEC6CAF25A634F034143DC /* Pods.debug.xcconfig */,
				F26103DC4561E430A9E467DE /* Pods.release.xcconfig */,
				FAE23BB02DBC95F0354EFB08 /* Pods-iOSPlayerExample.debug.xcconfig */,
				41CAFD816AE8B68FB7C6E2EC /* Pods-iOSPlayerExample.release.xcconfig */,
			);
			name = Pods;
			sourceTree = "<group>";
		};
		86934EFF1C9FD28D00F34044 = {
			isa = PBXGroup;
			children = (
				07174A741D9E6526000BE6D7 /* LviOSVideoPlayer */,
				869350A81C9FDEFC00F34044 /* iOSPlayerExample */,
				86934F091C9FD28D00F34044 /* Products */,
				4F1097F2616718ADE22B5968 /* Pods */,
				212DBE1FE0F44BDC7C2650AB /* Frameworks */,
			);
			sourceTree = "<group>";
		};
		86934F091C9FD28D00F34044 /* Products */ = {
			isa = PBXGroup;
			children = (
				86934F081C9FD28D00F34044 /* iOSPlayerExample.app */,
			);
			name = Products;
			sourceTree = "<group>";
		};
		869350A81C9FDEFC00F34044 /* iOSPlayerExample */ = {
			isa = PBXGroup;
			children = (
				869350A91C9FDEFC00F34044 /* AppDelegate.h */,
				869350AA1C9FDEFC00F34044 /* AppDelegate.m */,
				07174A711D9E6260000BE6D7 /* MainController.h */,
				07174A721D9E6260000BE6D7 /* MainController.m */,
				07174A6C1D9E5B31000BE6D7 /* ListCell.h */,
				07174A6D1D9E5B31000BE6D7 /* ListCell.m */,
				07174A6E1D9E5B31000BE6D7 /* ListCell.xib */,
				869350AB1C9FDEFC00F34044 /* Assets.xcassets */,
				869350AC1C9FDEFC00F34044 /* LaunchScreen.storyboard */,
				869350AE1C9FDEFC00F34044 /* Main.storyboard */,
				869350B01C9FDEFC00F34044 /* Info.plist */,
				869350B11C9FDEFC00F34044 /* main.m */,
			);
			path = iOSPlayerExample;
			sourceTree = "<group>";
		};
/* End PBXGroup section */

/* Begin PBXNativeTarget section */
		86934F071C9FD28D00F34044 /* iOSPlayerExample */ = {
			isa = PBXNativeTarget;
			buildConfigurationList = 86934F1F1C9FD28D00F34044 /* Build configuration list for PBXNativeTarget "iOSPlayerExample" */;
			buildPhases = (
				11ABFB1A739DD5881277BBA3 /* [CP] Check Pods Manifest.lock */,
				86934F041C9FD28D00F34044 /* Sources */,
				86934F051C9FD28D00F34044 /* Frameworks */,
				86934F061C9FD28D00F34044 /* Resources */,
				A6D2C25A0FAA69A2CDE21BCF /* [CP] Embed Pods Frameworks */,
				315132AE2FCF94BBCA93627A /* [CP] Copy Pods Resources */,
			);
			buildRules = (
			);
			dependencies = (
			);
			name = iOSPlayerExample;
			productName = iOSPlayerExample;
			productReference = 86934F081C9FD28D00F34044 /* iOSPlayerExample.app */;
			productType = "com.apple.product-type.application";
		};
/* End PBXNativeTarget section */

/* Begin PBXProject section */
		86934F001C9FD28D00F34044 /* Project object */ = {
			isa = PBXProject;
			attributes = {
				LastUpgradeCheck = 0810;
				ORGANIZATIONNAME = pengguangbo;
				TargetAttributes = {
					86934F071C9FD28D00F34044 = {
						CreatedOnToolsVersion = 7.2.1;
						DevelopmentTeam = CGDUQEQ6TU;
					};
				};
			};
			buildConfigurationList = 86934F031C9FD28D00F34044 /* Build configuration list for PBXProject "iOSPlayerExample" */;
			compatibilityVersion = "Xcode 3.2";
			developmentRegion = English;
			hasScannedForEncodings = 0;
			knownRegions = (
				en,
				Base,
				"zh-Hans",
			);
			mainGroup = 86934EFF1C9FD28D00F34044;
			productRefGroup = 86934F091C9FD28D00F34044 /* Products */;
			projectDirPath = "";
			projectRoot = "";
			targets = (
				86934F071C9FD28D00F34044 /* iOSPlayerExample */,
			);
		};
/* End PBXProject section */

/* Begin PBXResourcesBuildPhase section */
		86934F061C9FD28D00F34044 /* Resources */ = {
			isa = PBXResourcesBuildPhase;
			buildActionMask = 2147483647;
			files = (
				869350B71C9FDEFC00F34044 /* Main.storyboard in Resources */,
				869350B51C9FDEFC00F34044 /* Assets.xcassets in Resources */,
				07174AA31D9E6526000BE6D7 /* VPNavigationBar.xib in Resources */,
				07174AA71D9E6526000BE6D7 /* VPSettingPanelView.xib in Resources */,
				869350B61C9FDEFC00F34044 /* LaunchScreen.storyboard in Resources */,
				07174A9E1D9E6526000BE6D7 /* VideoPlayer.strings in Resources */,
				07174AA51D9E6526000BE6D7 /* VPPlayControlView.xib in Resources */,
				07174A9C1D9E6526000BE6D7 /* LvVideoPlayer.xcassets in Resources */,
				07174A701D9E5B31000BE6D7 /* ListCell.xib in Resources */,
			);
			runOnlyForDeploymentPostprocessing = 0;
		};
/* End PBXResourcesBuildPhase section */

/* Begin PBXShellScriptBuildPhase section */
		11ABFB1A739DD5881277BBA3 /* [CP] Check Pods Manifest.lock */ = {
			isa = PBXShellScriptBuildPhase;
			buildActionMask = 2147483647;
			files = (
			);
			inputPaths = (
			);
			name = "[CP] Check Pods Manifest.lock";
			outputPaths = (
			);
			runOnlyForDeploymentPostprocessing = 0;
			shellPath = /bin/sh;
			shellScript = "diff \"${PODS_ROOT}/../Podfile.lock\" \"${PODS_ROOT}/Manifest.lock\" > /dev/null\nif [[ $? != 0 ]] ; then\n    cat << EOM\nerror: The sandbox is not in sync with the Podfile.lock. Run 'pod install' or update your CocoaPods installation.\nEOM\n    exit 1\nfi\n";
			showEnvVarsInLog = 0;
		};
		315132AE2FCF94BBCA93627A /* [CP] Copy Pods Resources */ = {
			isa = PBXShellScriptBuildPhase;
			buildActionMask = 2147483647;
			files = (
			);
			inputPaths = (
			);
			name = "[CP] Copy Pods Resources";
			outputPaths = (
			);
			runOnlyForDeploymentPostprocessing = 0;
			shellPath = /bin/sh;
			shellScript = "\"${SRCROOT}/Pods/Target Support Files/Pods-iOSPlayerExample/Pods-iOSPlayerExample-resources.sh\"\n";
			showEnvVarsInLog = 0;
		};
		A6D2C25A0FAA69A2CDE21BCF /* [CP] Embed Pods Frameworks */ = {
			isa = PBXShellScriptBuildPhase;
			buildActionMask = 2147483647;
			files = (
			);
			inputPaths = (
			);
			name = "[CP] Embed Pods Frameworks";
			outputPaths = (
			);
			runOnlyForDeploymentPostprocessing = 0;
			shellPath = /bin/sh;
			shellScript = "\"${SRCROOT}/Pods/Target Support Files/Pods-iOSPlayerExample/Pods-iOSPlayerExample-frameworks.sh\"\n";
			showEnvVarsInLog = 0;
		};
/* End PBXShellScriptBuildPhase section */

/* Begin PBXSourcesBuildPhase section */
		86934F041C9FD28D00F34044 /* Sources */ = {
			isa = PBXSourcesBuildPhase;
			buildActionMask = 2147483647;
			files = (
				07174A9D1D9E6526000BE6D7 /* DurationFormat.m in Sources */,
				07174AA01D9E6526000BE6D7 /* VPCommonIndicator.m in Sources */,
				07174AA81D9E6526000BE6D7 /* VPVideoDefinitionMenuView.m in Sources */,
				869350B91C9FDEFC00F34044 /* main.m in Sources */,
				07174A9F1D9E6526000BE6D7 /* LvDirectionPanControl.m in Sources */,
				07174A731D9E6260000BE6D7 /* MainController.m in Sources */,
				07174AAA1D9E6526000BE6D7 /* BaseVPVC.m in Sources */,
				07174AA91D9E6526000BE6D7 /* AVPlayerVPVC.m in Sources */,
				07174AA11D9E6526000BE6D7 /* VPFastSeekIndicator.m in Sources */,
				07174AA41D9E6526000BE6D7 /* VPPlayControlView.m in Sources */,
				07174AA21D9E6526000BE6D7 /* VPNavigationBar.m in Sources */,
				869350B41C9FDEFC00F34044 /* AppDelegate.m in Sources */,
				07174AAB1D9E6526000BE6D7 /* VitamioVPVC.m in Sources */,
				07174A6F1D9E5B31000BE6D7 /* ListCell.m in Sources */,
				07174AA61D9E6526000BE6D7 /* VPSettingPanelView.m in Sources */,
			);
			runOnlyForDeploymentPostprocessing = 0;
		};
/* End PBXSourcesBuildPhase section */

/* Begin PBXVariantGroup section */
		07174A7C1D9E6526000BE6D7 /* VideoPlayer.strings */ = {
			isa = PBXVariantGroup;
			children = (
				07174A7D1D9E6526000BE6D7 /* Base */,
				07174A7E1D9E6526000BE6D7 /* zh-Hans */,
			);
			name = VideoPlayer.strings;
			sourceTree = "<group>";
		};
		869350AC1C9FDEFC00F34044 /* LaunchScreen.storyboard */ = {
			isa = PBXVariantGroup;
			children = (
				869350AD1C9FDEFC00F34044 /* Base */,
			);
			name = LaunchScreen.storyboard;
			sourceTree = "<group>";
		};
		869350AE1C9FDEFC00F34044 /* Main.storyboard */ = {
			isa = PBXVariantGroup;
			children = (
				869350AF1C9FDEFC00F34044 /* Base */,
			);
			name = Main.storyboard;
			sourceTree = "<group>";
		};
/* End PBXVariantGroup section */

/* Begin XCBuildConfiguration section */
		86934F1D1C9FD28D00F34044 /* Debug */ = {
			isa = XCBuildConfiguration;
			buildSettings = {
				ALWAYS_SEARCH_USER_PATHS = NO;
				CLANG_ANALYZER_LOCALIZABILITY_NONLOCALIZED = YES;
				CLANG_CXX_LANGUAGE_STANDARD = "gnu++0x";
				CLANG_CXX_LIBRARY = "libc++";
				CLANG_ENABLE_MODULES = YES;
				CLANG_ENABLE_OBJC_ARC = YES;
				CLANG_WARN_BOOL_CONVERSION = YES;
				CLANG_WARN_CONSTANT_CONVERSION = YES;
				CLANG_WARN_DIRECT_OBJC_ISA_USAGE = YES_ERROR;
				CLANG_WARN_EMPTY_BODY = YES;
				CLANG_WARN_ENUM_CONVERSION = YES;
				CLANG_WARN_INFINITE_RECURSION = YES;
				CLANG_WARN_INT_CONVERSION = YES;
				CLANG_WARN_OBJC_ROOT_CLASS = YES_ERROR;
				CLANG_WARN_SUSPICIOUS_MOVE = YES;
				CLANG_WARN_UNREACHABLE_CODE = YES;
				CLANG_WARN__DUPLICATE_METHOD_MATCH = YES;
				"CODE_SIGN_IDENTITY[sdk=iphoneos*]" = "iPhone Developer";
				COPY_PHASE_STRIP = NO;
				DEBUG_INFORMATION_FORMAT = dwarf;
				ENABLE_STRICT_OBJC_MSGSEND = YES;
				ENABLE_TESTABILITY = YES;
				GCC_C_LANGUAGE_STANDARD = gnu99;
				GCC_DYNAMIC_NO_PIC = NO;
				GCC_NO_COMMON_BLOCKS = YES;
				GCC_OPTIMIZATION_LEVEL = 0;
				GCC_PREPROCESSOR_DEFINITIONS = (
					"DEBUG=1",
					"$(inherited)",
				);
				GCC_WARN_64_TO_32_BIT_CONVERSION = YES;
				GCC_WARN_ABOUT_RETURN_TYPE = YES_ERROR;
				GCC_WARN_UNDECLARED_SELECTOR = YES;
				GCC_WARN_UNINITIALIZED_AUTOS = YES_AGGRESSIVE;
				GCC_WARN_UNUSED_FUNCTION = YES;
				GCC_WARN_UNUSED_VARIABLE = YES;
				IPHONEOS_DEPLOYMENT_TARGET = 9.2;
				MTL_ENABLE_DEBUG_INFO = YES;
				ONLY_ACTIVE_ARCH = YES;
				SDKROOT = iphoneos;
				TARGETED_DEVICE_FAMILY = "1,2";
			};
			name = Debug;
		};
		86934F1E1C9FD28D00F34044 /* Release */ = {
			isa = XCBuildConfiguration;
			buildSettings = {
				ALWAYS_SEARCH_USER_PATHS = NO;
				CLANG_ANALYZER_LOCALIZABILITY_NONLOCALIZED = YES;
				CLANG_CXX_LANGUAGE_STANDARD = "gnu++0x";
				CLANG_CXX_LIBRARY = "libc++";
				CLANG_ENABLE_MODULES = YES;
				CLANG_ENABLE_OBJC_ARC = YES;
				CLANG_WARN_BOOL_CONVERSION = YES;
				CLANG_WARN_CONSTANT_CONVERSION = YES;
				CLANG_WARN_DIRECT_OBJC_ISA_USAGE = YES_ERROR;
				CLANG_WARN_EMPTY_BODY = YES;
				CLANG_WARN_ENUM_CONVERSION = YES;
				CLANG_WARN_INFINITE_RECURSION = YES;
				CLANG_WARN_INT_CONVERSION = YES;
				CLANG_WARN_OBJC_ROOT_CLASS = YES_ERROR;
				CLANG_WARN_SUSPICIOUS_MOVE = YES;
				CLANG_WARN_UNREACHABLE_CODE = YES;
				CLANG_WARN__DUPLICATE_METHOD_MATCH = YES;
				"CODE_SIGN_IDENTITY[sdk=iphoneos*]" = "iPhone Developer";
				COPY_PHASE_STRIP = NO;
				DEBUG_INFORMATION_FORMAT = "dwarf-with-dsym";
				ENABLE_NS_ASSERTIONS = NO;
				ENABLE_STRICT_OBJC_MSGSEND = YES;
				GCC_C_LANGUAGE_STANDARD = gnu99;
				GCC_NO_COMMON_BLOCKS = YES;
				GCC_WARN_64_TO_32_BIT_CONVERSION = YES;
				GCC_WARN_ABOUT_RETURN_TYPE = YES_ERROR;
				GCC_WARN_UNDECLARED_SELECTOR = YES;
				GCC_WARN_UNINITIALIZED_AUTOS = YES_AGGRESSIVE;
				GCC_WARN_UNUSED_FUNCTION = YES;
				GCC_WARN_UNUSED_VARIABLE = YES;
				IPHONEOS_DEPLOYMENT_TARGET = 9.2;
				MTL_ENABLE_DEBUG_INFO = NO;
				SDKROOT = iphoneos;
				TARGETED_DEVICE_FAMILY = "1,2";
				VALIDATE_PRODUCT = YES;
			};
			name = Release;
		};
		86934F201C9FD28D00F34044 /* Debug */ = {
			isa = XCBuildConfiguration;
			baseConfigurationReference = FAE23BB02DBC95F0354EFB08 /* Pods-iOSPlayerExample.debug.xcconfig */;
			buildSettings = {
				ASSETCATALOG_COMPILER_APPICON_NAME = AppIcon;
				DEVELOPMENT_TEAM = CGDUQEQ6TU;
				ENABLE_BITCODE = NO;
				HEADER_SEARCH_PATHS = (
					"$(inherited)",
					"\"${PODS_ROOT}/Headers/Public\"",
					"\"${PODS_ROOT}/Headers/Public/LvModelWindow\"",
					"\"${PODS_ROOT}/Headers/Public/LvNormalSlider\"",
				);
				INFOPLIST_FILE = iOSPlayerExample/Info.plist;
				LD_RUNPATH_SEARCH_PATHS = "$(inherited) @executable_path/Frameworks";
				LIBRARY_SEARCH_PATHS = "$(inherited)";
				PRODUCT_BUNDLE_IDENTIFIER = com.pengguangbo.iOSPlayerExample;
				PRODUCT_NAME = "$(TARGET_NAME)";
				TARGETED_DEVICE_FAMILY = "1,2";
			};
			name = Debug;
		};
		86934F211C9FD28D00F34044 /* Release */ = {
			isa = XCBuildConfiguration;
			baseConfigurationReference = 41CAFD816AE8B68FB7C6E2EC /* Pods-iOSPlayerExample.release.xcconfig */;
			buildSettings = {
				ASSETCATALOG_COMPILER_APPICON_NAME = AppIcon;
				DEVELOPMENT_TEAM = CGDUQEQ6TU;
				ENABLE_BITCODE = NO;
				HEADER_SEARCH_PATHS = (
					"$(inherited)",
					"\"${PODS_ROOT}/Headers/Public\"",
					"\"${PODS_ROOT}/Headers/Public/LvModelWindow\"",
					"\"${PODS_ROOT}/Headers/Public/LvNormalSlider\"",
				);
				INFOPLIST_FILE = iOSPlayerExample/Info.plist;
				LD_RUNPATH_SEARCH_PATHS = "$(inherited) @executable_path/Frameworks";
				LIBRARY_SEARCH_PATHS = "$(inherited)";
				PRODUCT_BUNDLE_IDENTIFIER = com.pengguangbo.iOSPlayerExample;
				PRODUCT_NAME = "$(TARGET_NAME)";
				TARGETED_DEVICE_FAMILY = "1,2";
			};
			name = Release;
		};
/* End XCBuildConfiguration section */

/* Begin XCConfigurationList section */
		86934F031C9FD28D00F34044 /* Build configuration list for PBXProject "iOSPlayerExample" */ = {
			isa = XCConfigurationList;
			buildConfigurations = (
				86934F1D1C9FD28D00F34044 /* Debug */,
				86934F1E1C9FD28D00F34044 /* Release */,
			);
			defaultConfigurationIsVisible = 0;
			defaultConfigurationName = Release;
		};
		86934F1F1C9FD28D00F34044 /* Build configuration list for PBXNativeTarget "iOSPlayerExample" */ = {
			isa = XCConfigurationList;
			buildConfigurations = (
				86934F201C9FD28D00F34044 /* Debug */,
				86934F211C9FD28D00F34044 /* Release */,
			);
			defaultConfigurationIsVisible = 0;
			defaultConfigurationName = Release;
		};
/* End XCConfigurationList section */
	};
	rootObject = 86934F001C9FD28D00F34044 /* Project object */;
}
